<?xml version="1.0" encoding="utf-8"?>
<Project ToolsVersion="4.0" xmlns="http://schemas.microsoft.com/developer/msbuild/2003">
  <ItemGroup>
    <Filter Include="源文件">
      <UniqueIdentifier>{4FC737F1-C7A5-4376-A066-2A32D752A2FF}</UniqueIdentifier>
      <Extensions>cpp;c;cc;cxx;def;odl;idl;hpj;bat;asm;asmx</Extensions>
    </Filter>
    <Filter Include="头文件">
      <UniqueIdentifier>{93995380-89BD-4b04-88EB-625FBE52EBFB}</UniqueIdentifier>
      <Extensions>h;hh;hpp;hxx;hm;inl;inc;ipp;xsd</Extensions>
    </Filter>
    <Filter Include="资源文件">
      <UniqueIdentifier>{67DA6AB6-F800-4c08-8B7A-83BB121AAD01}</UniqueIdentifier>
      <Extensions>rc;ico;cur;bmp;dlg;rc2;rct;bin;rgs;gif;jpg;jpeg;jpe;resx;tiff;tif;png;wav;mfcribbon-ms</Extensions>
    </Filter>
    <Filter Include="头文件\obj">
      <UniqueIdentifier>{c523a05c-bd1f-4f1e-b63a-cac6c2a7e65d}</UniqueIdentifier>
    </Filter>
    <Filter Include="源文件\obj">
      <UniqueIdentifier>{110652f4-cb09-4190-bb86-598a51352c2f}</UniqueIdentifier>
    </Filter>
  </ItemGroup>
  <ItemGroup>
    <ClCompile Include="..\raytracer\camera.cpp">
      <Filter>源文件</Filter>
    </ClCompile>
    <ClCompile Include="..\raytracer\obj\group.cpp">
      <Filter>源文件\obj</Filter>
    </ClCompile>
    <ClCompile Include="..\raytracer\obj\plane.cpp">
      <Filter>源文件\obj</Filter>
    </ClCompile>
    <ClCompile Include="..\raytracer\obj\object3d.cpp">
      <Filter>源文件\obj</Filter>
    </ClCompile>
    <ClCompile Include="..\raytracer\obj\triangle.cpp">
      <Filter>源文件\obj</Filter>
    </ClCompile>
    <ClCompile Include="..\raytracer\obj\transform.cpp">
      <Filter>源文件\obj</Filter>
    </ClCompile>
    <ClCompile Include="..\raytracer\obj\sphere.cpp">
      <Filter>源文件\obj</Filter>
    </ClCompile>
    <ClCompile Include="..\raytracer\light.cpp">
      <Filter>源文件</Filter>
    </ClCompile>
    <ClCompile Include="..\raytracer\material.cpp">
      <Filter>源文件</Filter>
    </ClCompile>
    <ClCompile Include="..\raytracer\info.cpp">
      <Filter>源文件</Filter>
    </ClCompile>
    <ClCompile Include="..\raytracer\rayTree.cpp">
      <Filter>源文件</Filter>
    </ClCompile>
    <ClCompile Include="..\raytracer\boundingbox.cpp">
      <Filter>源文件</Filter>
    </ClCompile>
    <ClCompile Include="..\raytracer\obj\grid.cpp">
      <Filter>源文件\obj</Filter>
    </ClCompile>
    <ClCompile Include="..\raytracer\raytracing_stats.cpp">
      <Filter>源文件</Filter>
    </ClCompile>
  </ItemGroup>
  <ItemGroup>
    <ClInclude Include="..\raytracer\hit.h">
      <Filter>头文件</Filter>
    </ClInclude>
    <ClInclude Include="..\raytracer\light.h">
      <Filter>头文件</Filter>
    </ClInclude>
    <ClInclude Include="..\raytracer\material.h">
      <Filter>头文件</Filter>
    </ClInclude>
    <ClInclude Include="..\raytracer\ray.h">
      <Filter>头文件</Filter>
    </ClInclude>
    <ClInclude Include="..\raytracer\obj\group.h">
      <Filter>头文件\obj</Filter>
    </ClInclude>
    <ClInclude Include="..\raytracer\obj\triangle.h">
      <Filter>头文件\obj</Filter>
    </ClInclude>
    <ClInclude Include="..\raytracer\obj\transform.h">
      <Filter>头文件\obj</Filter>
    </ClInclude>
    <ClInclude Include="..\raytracer\obj\sphere.h">
      <Filter>头文件\obj</Filter>
    </ClInclude>
    <ClInclude Include="..\raytracer\camera.h">
      <Filter>头文件</Filter>
    </ClInclude>
    <ClInclude Include="..\raytracer\obj\object3d.h">
      <Filter>头文件\obj</Filter>
    </ClInclude>
    <ClInclude Include="..\raytracer\obj\plane.h">
      <Filter>头文件\obj</Filter>
    </ClInclude>
    <ClInclude Include="..\raytracer\info.h">
      <Filter>头文件</Filter>
    </ClInclude>
    <ClInclude Include="..\raytracer\rayTree.h">
      <Filter>头文件</Filter>
    </ClInclude>
    <ClInclude Include="..\raytracer\boundingbox.h">
      <Filter>头文件</Filter>
    </ClInclude>
    <ClInclude Include="..\raytracer\obj\grid.h">
      <Filter>头文件\obj</Filter>
    </ClInclude>
    <ClInclude Include="..\raytracer\raytracing_stats.h">
      <Filter>头文件</Filter>
    </ClInclude>
  </ItemGroup>
</Project>