
Microsoft Visual Studio Solution File, Format Version 12.00
# Visual Studio 15
VisualStudioVersion = 15.0.28010.2026
MinimumVisualStudioVersion = 10.0.40219.1
Project("{8BC9CEB8-8B4A-11D0-8D11-00A0C91BC942}") = "assignment0", "Project\assignment0.vcxproj", "{C4D3E68C-C1B6-4306-B5E9-5F49C9B49610}"
EndProject
Project("{8BC9CEB8-8B4A-11D0-8D11-00A0C91BC942}") = "assignment1", "Project\assignment1.vcxproj", "{9C5B5FDA-B4D1-483A-AD36-82F37838BE86}"
EndProject
Project("{8BC9CEB8-8B4A-11D0-8D11-00A0C91BC942}") = "StaticLib", "Project\StaticLib.vcxproj", "{10184028-3AF7-4927-88C9-A0703FC4C2A1}"
EndProject
Project("{8BC9CEB8-8B4A-11D0-8D11-00A0C91BC942}") = "StaticLib_raytracer", "Project\StaticLib_raytracer.vcxproj", "{82E7DCAB-DEC1-4D3E-BE6F-B8AD0D7C53C6}"
EndProject
Project("{8BC9CEB8-8B4A-11D0-8D11-00A0C91BC942}") = "assignment2", "Project\assignment2.vcxproj", "{0DB4FC9C-19C2-4CFE-A89D-9DE82F8A207C}"
EndProject
Project("{8BC9CEB8-8B4A-11D0-8D11-00A0C91BC942}") = "assignment3", "Project\assignment3.vcxproj", "{CB60D53A-9BAC-4A27-A274-7AA5D287D862}"
EndProject
Project("{8BC9CEB8-8B4A-11D0-8D11-00A0C91BC942}") = "assignment4", "Project\assignment4.vcxproj", "{2F2778E1-5373-4FE0-802B-86E282E5335E}"
EndProject
Project("{8BC9CEB8-8B4A-11D0-8D11-00A0C91BC942}") = "assignment5", "Project\assignment5.vcxproj", "{4891161D-3D78-4CA0-96B0-940AA7ED0C9F}"
EndProject
Project("{8BC9CEB8-8B4A-11D0-8D11-00A0C91BC942}") = "assignment6", "Project\assignment6.vcxproj", "{78B713F6-2780-4902-8360-7D20867B4531}"
EndProject
Project("{8BC9CEB8-8B4A-11D0-8D11-00A0C91BC942}") = "assignment7", "Project\assignment7.vcxproj", "{5E0CC05B-2373-45C4-9A0E-F1245193E401}"
EndProject
Project("{8BC9CEB8-8B4A-11D0-8D11-00A0C91BC942}") = "assignment8", "Project\assignment8.vcxproj", "{CC856FC2-8F60-4B2D-BC3C-0009C6213438}"
EndProject
Global
	GlobalSection(SolutionConfigurationPlatforms) = preSolution
		Debug|x64 = Debug|x64
		Debug|x86 = Debug|x86
		Release|x64 = Release|x64
		Release|x86 = Release|x86
	EndGlobalSection
	GlobalSection(ProjectConfigurationPlatforms) = postSolution
		{C4D3E68C-C1B6-4306-B5E9-5F49C9B49610}.Debug|x64.ActiveCfg = Debug|x64
		{C4D3E68C-C1B6-4306-B5E9-5F49C9B49610}.Debug|x64.Build.0 = Debug|x64
		{C4D3E68C-C1B6-4306-B5E9-5F49C9B49610}.Debug|x86.ActiveCfg = Debug|Win32
		{C4D3E68C-C1B6-4306-B5E9-5F49C9B49610}.Debug|x86.Build.0 = Debug|Win32
		{C4D3E68C-C1B6-4306-B5E9-5F49C9B49610}.Release|x64.ActiveCfg = Release|x64
		{C4D3E68C-C1B6-4306-B5E9-5F49C9B49610}.Release|x64.Build.0 = Release|x64
		{C4D3E68C-C1B6-4306-B5E9-5F49C9B49610}.Release|x86.ActiveCfg = Release|Win32
		{C4D3E68C-C1B6-4306-B5E9-5F49C9B49610}.Release|x86.Build.0 = Release|Win32
		{9C5B5FDA-B4D1-483A-AD36-82F37838BE86}.Debug|x64.ActiveCfg = Debug|x64
		{9C5B5FDA-B4D1-483A-AD36-82F37838BE86}.Debug|x64.Build.0 = Debug|x64
		{9C5B5FDA-B4D1-483A-AD36-82F37838BE86}.Debug|x86.ActiveCfg = Debug|Win32
		{9C5B5FDA-B4D1-483A-AD36-82F37838BE86}.Debug|x86.Build.0 = Debug|Win32
		{9C5B5FDA-B4D1-483A-AD36-82F37838BE86}.Release|x64.ActiveCfg = Release|x64
		{9C5B5FDA-B4D1-483A-AD36-82F37838BE86}.Release|x64.Build.0 = Release|x64
		{9C5B5FDA-B4D1-483A-AD36-82F37838BE86}.Release|x86.ActiveCfg = Release|Win32
		{9C5B5FDA-B4D1-483A-AD36-82F37838BE86}.Release|x86.Build.0 = Release|Win32
		{10184028-3AF7-4927-88C9-A0703FC4C2A1}.Debug|x64.ActiveCfg = Debug|x64
		{10184028-3AF7-4927-88C9-A0703FC4C2A1}.Debug|x64.Build.0 = Debug|x64
		{10184028-3AF7-4927-88C9-A0703FC4C2A1}.Debug|x86.ActiveCfg = Debug|Win32
		{10184028-3AF7-4927-88C9-A0703FC4C2A1}.Debug|x86.Build.0 = Debug|Win32
		{10184028-3AF7-4927-88C9-A0703FC4C2A1}.Release|x64.ActiveCfg = Release|x64
		{10184028-3AF7-4927-88C9-A0703FC4C2A1}.Release|x64.Build.0 = Release|x64
		{10184028-3AF7-4927-88C9-A0703FC4C2A1}.Release|x86.ActiveCfg = Release|Win32
		{10184028-3AF7-4927-88C9-A0703FC4C2A1}.Release|x86.Build.0 = Release|Win32
		{82E7DCAB-DEC1-4D3E-BE6F-B8AD0D7C53C6}.Debug|x64.ActiveCfg = Debug|x64
		{82E7DCAB-DEC1-4D3E-BE6F-B8AD0D7C53C6}.Debug|x64.Build.0 = Debug|x64
		{82E7DCAB-DEC1-4D3E-BE6F-B8AD0D7C53C6}.Debug|x86.ActiveCfg = Debug|Win32
		{82E7DCAB-DEC1-4D3E-BE6F-B8AD0D7C53C6}.Debug|x86.Build.0 = Debug|Win32
		{82E7DCAB-DEC1-4D3E-BE6F-B8AD0D7C53C6}.Release|x64.ActiveCfg = Release|x64
		{82E7DCAB-DEC1-4D3E-BE6F-B8AD0D7C53C6}.Release|x64.Build.0 = Release|x64
		{82E7DCAB-DEC1-4D3E-BE6F-B8AD0D7C53C6}.Release|x86.ActiveCfg = Release|Win32
		{82E7DCAB-DEC1-4D3E-BE6F-B8AD0D7C53C6}.Release|x86.Build.0 = Release|Win32
		{0DB4FC9C-19C2-4CFE-A89D-9DE82F8A207C}.Debug|x64.ActiveCfg = Debug|x64
		{0DB4FC9C-19C2-4CFE-A89D-9DE82F8A207C}.Debug|x64.Build.0 = Debug|x64
		{0DB4FC9C-19C2-4CFE-A89D-9DE82F8A207C}.Debug|x86.ActiveCfg = Debug|Win32
		{0DB4FC9C-19C2-4CFE-A89D-9DE82F8A207C}.Debug|x86.Build.0 = Debug|Win32
		{0DB4FC9C-19C2-4CFE-A89D-9DE82F8A207C}.Release|x64.ActiveCfg = Release|x64
		{0DB4FC9C-19C2-4CFE-A89D-9DE82F8A207C}.Release|x64.Build.0 = Release|x64
		{0DB4FC9C-19C2-4CFE-A89D-9DE82F8A207C}.Release|x86.ActiveCfg = Release|Win32
		{0DB4FC9C-19C2-4CFE-A89D-9DE82F8A207C}.Release|x86.Build.0 = Release|Win32
		{CB60D53A-9BAC-4A27-A274-7AA5D287D862}.Debug|x64.ActiveCfg = Debug|x64
		{CB60D53A-9BAC-4A27-A274-7AA5D287D862}.Debug|x64.Build.0 = Debug|x64
		{CB60D53A-9BAC-4A27-A274-7AA5D287D862}.Debug|x86.ActiveCfg = Debug|Win32
		{CB60D53A-9BAC-4A27-A274-7AA5D287D862}.Debug|x86.Build.0 = Debug|Win32
		{CB60D53A-9BAC-4A27-A274-7AA5D287D862}.Release|x64.ActiveCfg = Release|x64
		{CB60D53A-9BAC-4A27-A274-7AA5D287D862}.Release|x64.Build.0 = Release|x64
		{CB60D53A-9BAC-4A27-A274-7AA5D287D862}.Release|x86.ActiveCfg = Release|Win32
		{CB60D53A-9BAC-4A27-A274-7AA5D287D862}.Release|x86.Build.0 = Release|Win32
		{2F2778E1-5373-4FE0-802B-86E282E5335E}.Debug|x64.ActiveCfg = Debug|x64
		{2F2778E1-5373-4FE0-802B-86E282E5335E}.Debug|x64.Build.0 = Debug|x64
		{2F2778E1-5373-4FE0-802B-86E282E5335E}.Debug|x86.ActiveCfg = Debug|Win32
		{2F2778E1-5373-4FE0-802B-86E282E5335E}.Debug|x86.Build.0 = Debug|Win32
		{2F2778E1-5373-4FE0-802B-86E282E5335E}.Release|x64.ActiveCfg = Release|x64
		{2F2778E1-5373-4FE0-802B-86E282E5335E}.Release|x64.Build.0 = Release|x64
		{2F2778E1-5373-4FE0-802B-86E282E5335E}.Release|x86.ActiveCfg = Release|Win32
		{2F2778E1-5373-4FE0-802B-86E282E5335E}.Release|x86.Build.0 = Release|Win32
		{4891161D-3D78-4CA0-96B0-940AA7ED0C9F}.Debug|x64.ActiveCfg = Debug|x64
		{4891161D-3D78-4CA0-96B0-940AA7ED0C9F}.Debug|x64.Build.0 = Debug|x64
		{4891161D-3D78-4CA0-96B0-940AA7ED0C9F}.Debug|x86.ActiveCfg = Debug|Win32
		{4891161D-3D78-4CA0-96B0-940AA7ED0C9F}.Debug|x86.Build.0 = Debug|Win32
		{4891161D-3D78-4CA0-96B0-940AA7ED0C9F}.Release|x64.ActiveCfg = Release|x64
		{4891161D-3D78-4CA0-96B0-940AA7ED0C9F}.Release|x64.Build.0 = Release|x64
		{4891161D-3D78-4CA0-96B0-940AA7ED0C9F}.Release|x86.ActiveCfg = Release|Win32
		{4891161D-3D78-4CA0-96B0-940AA7ED0C9F}.Release|x86.Build.0 = Release|Win32
		{78B713F6-2780-4902-8360-7D20867B4531}.Debug|x64.ActiveCfg = Debug|x64
		{78B713F6-2780-4902-8360-7D20867B4531}.Debug|x64.Build.0 = Debug|x64
		{78B713F6-2780-4902-8360-7D20867B4531}.Debug|x86.ActiveCfg = Debug|Win32
		{78B713F6-2780-4902-8360-7D20867B4531}.Debug|x86.Build.0 = Debug|Win32
		{78B713F6-2780-4902-8360-7D20867B4531}.Release|x64.ActiveCfg = Release|x64
		{78B713F6-2780-4902-8360-7D20867B4531}.Release|x64.Build.0 = Release|x64
		{78B713F6-2780-4902-8360-7D20867B4531}.Release|x86.ActiveCfg = Release|Win32
		{78B713F6-2780-4902-8360-7D20867B4531}.Release|x86.Build.0 = Release|Win32
		{5E0CC05B-2373-45C4-9A0E-F1245193E401}.Debug|x64.ActiveCfg = Debug|x64
		{5E0CC05B-2373-45C4-9A0E-F1245193E401}.Debug|x64.Build.0 = Debug|x64
		{5E0CC05B-2373-45C4-9A0E-F1245193E401}.Debug|x86.ActiveCfg = Debug|Win32
		{5E0CC05B-2373-45C4-9A0E-F1245193E401}.Debug|x86.Build.0 = Debug|Win32
		{5E0CC05B-2373-45C4-9A0E-F1245193E401}.Release|x64.ActiveCfg = Release|x64
		{5E0CC05B-2373-45C4-9A0E-F1245193E401}.Release|x64.Build.0 = Release|x64
		{5E0CC05B-2373-45C4-9A0E-F1245193E401}.Release|x86.ActiveCfg = Release|Win32
		{5E0CC05B-2373-45C4-9A0E-F1245193E401}.Release|x86.Build.0 = Release|Win32
		{CC856FC2-8F60-4B2D-BC3C-0009C6213438}.Debug|x64.ActiveCfg = Debug|x64
		{CC856FC2-8F60-4B2D-BC3C-0009C6213438}.Debug|x64.Build.0 = Debug|x64
		{CC856FC2-8F60-4B2D-BC3C-0009C6213438}.Debug|x86.ActiveCfg = Debug|Win32
		{CC856FC2-8F60-4B2D-BC3C-0009C6213438}.Debug|x86.Build.0 = Debug|Win32
		{CC856FC2-8F60-4B2D-BC3C-0009C6213438}.Release|x64.ActiveCfg = Release|x64
		{CC856FC2-8F60-4B2D-BC3C-0009C6213438}.Release|x64.Build.0 = Release|x64
		{CC856FC2-8F60-4B2D-BC3C-0009C6213438}.Release|x86.ActiveCfg = Release|Win32
		{CC856FC2-8F60-4B2D-BC3C-0009C6213438}.Release|x86.Build.0 = Release|Win32
	EndGlobalSection
	GlobalSection(SolutionProperties) = preSolution
		HideSolutionNode = FALSE
	EndGlobalSection
	GlobalSection(ExtensibilityGlobals) = postSolution
		SolutionGuid = {A7D8EF8B-2190-4F63-BD2A-7F5F7EF437DE}
	EndGlobalSection
EndGlobal
